
Microsoft Visual Studio Solution File, Format Version 12.00
# Visual Studio Version 17
VisualStudioVersion = 17.11.35222.181
MinimumVisualStudioVersion = 10.0.40219.1
Project("{FAE04EC0-301F-11D3-BF4B-00C04F79EFBC}") = "IrinaYudinaKt-31-21", "IrinaYudinaKt-31-21\IrinaYudinaKt-31-21.csproj", "{F4336435-7CBC-4011-B568-F14F5EE47B07}"
EndProject
Global
	GlobalSection(SolutionConfigurationPlatforms) = preSolution
		Debug|Any CPU = Debug|Any CPU
		Release|Any CPU = Release|Any CPU
	EndGlobalSection
	GlobalSection(ProjectConfigurationPlatforms) = postSolution
		{F4336435-7CBC-4011-B568-F14F5EE47B07}.Debug|Any CPU.ActiveCfg = Debug|Any CPU
		{F4336435-7CBC-4011-B568-F14F5EE47B07}.Debug|Any CPU.Build.0 = Debug|Any CPU
		{F4336435-7CBC-4011-B568-F14F5EE47B07}.Release|Any CPU.ActiveCfg = Release|Any CPU
		{F4336435-7CBC-4011-B568-F14F5EE47B07}.Release|Any CPU.Build.0 = Release|Any CPU
	EndGlobalSection
	GlobalSection(SolutionProperties) = preSolution
		HideSolutionNode = FALSE
	EndGlobalSection
	GlobalSection(ExtensibilityGlobals) = postSolution
		SolutionGuid = {BED3AF89-E983-452E-9265-CA0ECA1E1741}
	EndGlobalSection
EndGlobal
